// !$*UTF8*$!
{
	archiveVersion = 1;
	classes = {
	};
	objectVersion = 50;
	objects = {

/* Begin PBXBuildFile section */
		632DF5E326729F4E0016D849 /* classes.txt in Resources */ = {isa = PBXBuildFile; fileRef = 632DF5E226729F4E0016D849 /* classes.txt */; };
		632E72352672078500C6E81E /* SettingsView.swift in Sources */ = {isa = PBXBuildFile; fileRef = 632E72342672078500C6E81E /* SettingsView.swift */; };
		6354B0DB26871E06000662CD /* ObjectDetector.mlmodel in Sources */ = {isa = PBXBuildFile; fileRef = 6354B0DA26871E06000662CD /* ObjectDetector.mlmodel */; };
		6354B0DF26872E4C000662CD /* DetectionView.swift in Sources */ = {isa = PBXBuildFile; fileRef = 6354B0DE26872E4C000662CD /* DetectionView.swift */; };
		6386649C2681235000B63AFD /* DisplayView.swift in Sources */ = {isa = PBXBuildFile; fileRef = 6386649B2681235000B63AFD /* DisplayView.swift */; };
		6386649E2681256A00B63AFD /* LocationController.swift in Sources */ = {isa = PBXBuildFile; fileRef = 6386649D2681256A00B63AFD /* LocationController.swift */; };
		63B86BFC266C067800673B3A /* DriverAssistApp.swift in Sources */ = {isa = PBXBuildFile; fileRef = 63B86BFB266C067800673B3A /* DriverAssistApp.swift */; };
		63B86BFE266C067800673B3A /* ContentView.swift in Sources */ = {isa = PBXBuildFile; fileRef = 63B86BFD266C067800673B3A /* ContentView.swift */; };
		63B86C00266C067800673B3A /* Assets.xcassets in Resources */ = {isa = PBXBuildFile; fileRef = 63B86BFF266C067800673B3A /* Assets.xcassets */; };
		63B86C03266C067800673B3A /* Preview Assets.xcassets in Resources */ = {isa = PBXBuildFile; fileRef = 63B86C02266C067800673B3A /* Preview Assets.xcassets */; };
		63B86C0E266C067800673B3A /* DriverAssistTests.swift in Sources */ = {isa = PBXBuildFile; fileRef = 63B86C0D266C067800673B3A /* DriverAssistTests.swift */; };
		63B86C19266C067800673B3A /* DriverAssistUITests.swift in Sources */ = {isa = PBXBuildFile; fileRef = 63B86C18266C067800673B3A /* DriverAssistUITests.swift */; };
		63D2A378266CB8550097AE86 /* LibraryView.swift in Sources */ = {isa = PBXBuildFile; fileRef = 63D2A377266CB8550097AE86 /* LibraryView.swift */; };
		63D2A380266CCF7A0097AE86 /* ImagePickerView.swift in Sources */ = {isa = PBXBuildFile; fileRef = 63D2A37F266CCF7A0097AE86 /* ImagePickerView.swift */; };
		63E24807267346260098F26A /* CameraViewController.swift in Sources */ = {isa = PBXBuildFile; fileRef = 63E24806267346260098F26A /* CameraViewController.swift */; };
		63E24809267346A30098F26A /* CameraController.swift in Sources */ = {isa = PBXBuildFile; fileRef = 63E24808267346A30098F26A /* CameraController.swift */; };
		63E2480E267365FC0098F26A /* PhotoView.swift in Sources */ = {isa = PBXBuildFile; fileRef = 63E2480D267365FC0098F26A /* PhotoView.swift */; };
		63E986182688BEAA00F76CCD /* DetectionViewController.swift in Sources */ = {isa = PBXBuildFile; fileRef = 63E986172688BEAA00F76CCD /* DetectionViewController.swift */; };
/* End PBXBuildFile section */

/* Begin PBXContainerItemProxy section */
		63B86C0A266C067800673B3A /* PBXContainerItemProxy */ = {
			isa = PBXContainerItemProxy;
			containerPortal = 63B86BF0266C067800673B3A /* Project object */;
			proxyType = 1;
			remoteGlobalIDString = 63B86BF7266C067800673B3A;
			remoteInfo = DriverAssist;
		};
		63B86C15266C067800673B3A /* PBXContainerItemProxy */ = {
			isa = PBXContainerItemProxy;
			containerPortal = 63B86BF0266C067800673B3A /* Project object */;
			proxyType = 1;
			remoteGlobalIDString = 63B86BF7266C067800673B3A;
			remoteInfo = DriverAssist;
		};
/* End PBXContainerItemProxy section */

/* Begin PBXFileReference section */
		632DF5E226729F4E0016D849 /* classes.txt */ = {isa = PBXFileReference; fileEncoding = 4; lastKnownFileType = text; path = classes.txt; sourceTree = "<group>"; };
		632E72342672078500C6E81E /* SettingsView.swift */ = {isa = PBXFileReference; lastKnownFileType = sourcecode.swift; path = SettingsView.swift; sourceTree = "<group>"; };
		6354B0DA26871E06000662CD /* ObjectDetector.mlmodel */ = {isa = PBXFileReference; lastKnownFileType = file.mlmodel; path = ObjectDetector.mlmodel; sourceTree = "<group>"; };
		6354B0DE26872E4C000662CD /* DetectionView.swift */ = {isa = PBXFileReference; lastKnownFileType = sourcecode.swift; path = DetectionView.swift; sourceTree = "<group>"; };
		6386649B2681235000B63AFD /* DisplayView.swift */ = {isa = PBXFileReference; lastKnownFileType = sourcecode.swift; path = DisplayView.swift; sourceTree = "<group>"; };
		6386649D2681256A00B63AFD /* LocationController.swift */ = {isa = PBXFileReference; lastKnownFileType = sourcecode.swift; path = LocationController.swift; sourceTree = "<group>"; };
		63B86BF8266C067800673B3A /* DriverAssist.app */ = {isa = PBXFileReference; explicitFileType = wrapper.application; includeInIndex = 0; path = DriverAssist.app; sourceTree = BUILT_PRODUCTS_DIR; };
		63B86BFB266C067800673B3A /* DriverAssistApp.swift */ = {isa = PBXFileReference; lastKnownFileType = sourcecode.swift; path = DriverAssistApp.swift; sourceTree = "<group>"; };
		63B86BFD266C067800673B3A /* ContentView.swift */ = {isa = PBXFileReference; lastKnownFileType = sourcecode.swift; path = ContentView.swift; sourceTree = "<group>"; };
		63B86BFF266C067800673B3A /* Assets.xcassets */ = {isa = PBXFileReference; lastKnownFileType = folder.assetcatalog; path = Assets.xcassets; sourceTree = "<group>"; };
		63B86C02266C067800673B3A /* Preview Assets.xcassets */ = {isa = PBXFileReference; lastKnownFileType = folder.assetcatalog; path = "Preview Assets.xcassets"; sourceTree = "<group>"; };
		63B86C04266C067800673B3A /* Info.plist */ = {isa = PBXFileReference; lastKnownFileType = text.plist.xml; path = Info.plist; sourceTree = "<group>"; };
		63B86C09266C067800673B3A /* DriverAssistTests.xctest */ = {isa = PBXFileReference; explicitFileType = wrapper.cfbundle; includeInIndex = 0; path = DriverAssistTests.xctest; sourceTree = BUILT_PRODUCTS_DIR; };
		63B86C0D266C067800673B3A /* DriverAssistTests.swift */ = {isa = PBXFileReference; lastKnownFileType = sourcecode.swift; path = DriverAssistTests.swift; sourceTree = "<group>"; };
		63B86C0F266C067800673B3A /* Info.plist */ = {isa = PBXFileReference; lastKnownFileType = text.plist.xml; path = Info.plist; sourceTree = "<group>"; };
		63B86C14266C067800673B3A /* DriverAssistUITests.xctest */ = {isa = PBXFileReference; explicitFileType = wrapper.cfbundle; includeInIndex = 0; path = DriverAssistUITests.xctest; sourceTree = BUILT_PRODUCTS_DIR; };
		63B86C18266C067800673B3A /* DriverAssistUITests.swift */ = {isa = PBXFileReference; lastKnownFileType = sourcecode.swift; path = DriverAssistUITests.swift; sourceTree = "<group>"; };
		63B86C1A266C067800673B3A /* Info.plist */ = {isa = PBXFileReference; lastKnownFileType = text.plist.xml; path = Info.plist; sourceTree = "<group>"; };
		63D2A377266CB8550097AE86 /* LibraryView.swift */ = {isa = PBXFileReference; lastKnownFileType = sourcecode.swift; path = LibraryView.swift; sourceTree = "<group>"; };
		63D2A37F266CCF7A0097AE86 /* ImagePickerView.swift */ = {isa = PBXFileReference; lastKnownFileType = sourcecode.swift; path = ImagePickerView.swift; sourceTree = "<group>"; };
		63E24806267346260098F26A /* CameraViewController.swift */ = {isa = PBXFileReference; lastKnownFileType = sourcecode.swift; path = CameraViewController.swift; sourceTree = "<group>"; };
		63E24808267346A30098F26A /* CameraController.swift */ = {isa = PBXFileReference; lastKnownFileType = sourcecode.swift; path = CameraController.swift; sourceTree = "<group>"; };
		63E2480D267365FC0098F26A /* PhotoView.swift */ = {isa = PBXFileReference; lastKnownFileType = sourcecode.swift; path = PhotoView.swift; sourceTree = "<group>"; };
		63E986172688BEAA00F76CCD /* DetectionViewController.swift */ = {isa = PBXFileReference; lastKnownFileType = sourcecode.swift; path = DetectionViewController.swift; sourceTree = "<group>"; };
/* End PBXFileReference section */

/* Begin PBXFrameworksBuildPhase section */
		63B86BF5266C067800673B3A /* Frameworks */ = {
			isa = PBXFrameworksBuildPhase;
			buildActionMask = 2147483647;
			files = (
			);
			runOnlyForDeploymentPostprocessing = 0;
		};
		63B86C06266C067800673B3A /* Frameworks */ = {
			isa = PBXFrameworksBuildPhase;
			buildActionMask = 2147483647;
			files = (
			);
			runOnlyForDeploymentPostprocessing = 0;
		};
		63B86C11266C067800673B3A /* Frameworks */ = {
			isa = PBXFrameworksBuildPhase;
			buildActionMask = 2147483647;
			files = (
			);
			runOnlyForDeploymentPostprocessing = 0;
		};
/* End PBXFrameworksBuildPhase section */

/* Begin PBXGroup section */
		632DF5E126729F220016D849 /* Resources */ = {
			isa = PBXGroup;
			children = (
				632DF5E226729F4E0016D849 /* classes.txt */,
			);
			path = Resources;
			sourceTree = "<group>";
		};
		63B86BEF266C067800673B3A = {
			isa = PBXGroup;
			children = (
				63B86BFA266C067800673B3A /* DriverAssist */,
				63B86C0C266C067800673B3A /* DriverAssistTests */,
				63B86C17266C067800673B3A /* DriverAssistUITests */,
				63B86BF9266C067800673B3A /* Products */,
			);
			sourceTree = "<group>";
		};
		63B86BF9266C067800673B3A /* Products */ = {
			isa = PBXGroup;
			children = (
				63B86BF8266C067800673B3A /* DriverAssist.app */,
				63B86C09266C067800673B3A /* DriverAssistTests.xctest */,
				63B86C14266C067800673B3A /* DriverAssistUITests.xctest */,
			);
			name = Products;
			sourceTree = "<group>";
		};
		63B86BFA266C067800673B3A /* DriverAssist */ = {
			isa = PBXGroup;
			children = (
				63E24805267346020098F26A /* Controller */,
				632DF5E126729F220016D849 /* Resources */,
				63B86C27266C078B00673B3A /* Model */,
				63B86BFB266C067800673B3A /* DriverAssistApp.swift */,
				63B86C26266C077600673B3A /* Views */,
				63B86BFD266C067800673B3A /* ContentView.swift */,
				63B86BFF266C067800673B3A /* Assets.xcassets */,
				63B86C04266C067800673B3A /* Info.plist */,
				6354B0DA26871E06000662CD /* ObjectDetector.mlmodel */,
				63B86C01266C067800673B3A /* Preview Content */,
			);
			path = DriverAssist;
			sourceTree = "<group>";
		};
		63B86C01266C067800673B3A /* Preview Content */ = {
			isa = PBXGroup;
			children = (
				63B86C02266C067800673B3A /* Preview Assets.xcassets */,
			);
			path = "Preview Content";
			sourceTree = "<group>";
		};
		63B86C0C266C067800673B3A /* DriverAssistTests */ = {
			isa = PBXGroup;
			children = (
				63B86C0D266C067800673B3A /* DriverAssistTests.swift */,
				63B86C0F266C067800673B3A /* Info.plist */,
			);
			path = DriverAssistTests;
			sourceTree = "<group>";
		};
		63B86C17266C067800673B3A /* DriverAssistUITests */ = {
			isa = PBXGroup;
			children = (
				63B86C18266C067800673B3A /* DriverAssistUITests.swift */,
				63B86C1A266C067800673B3A /* Info.plist */,
			);
			path = DriverAssistUITests;
			sourceTree = "<group>";
		};
		63B86C26266C077600673B3A /* Views */ = {
			isa = PBXGroup;
			children = (
				6354B0DE26872E4C000662CD /* DetectionView.swift */,
				632E72342672078500C6E81E /* SettingsView.swift */,
				6386649B2681235000B63AFD /* DisplayView.swift */,
				63D2A377266CB8550097AE86 /* LibraryView.swift */,
				63E2480D267365FC0098F26A /* PhotoView.swift */,
			);
			path = Views;
			sourceTree = "<group>";
		};
		63B86C27266C078B00673B3A /* Model */ = {
			isa = PBXGroup;
			children = (
			);
			path = Model;
			sourceTree = "<group>";
		};
		63E24805267346020098F26A /* Controller */ = {
			isa = PBXGroup;
			children = (
				63D2A37F266CCF7A0097AE86 /* ImagePickerView.swift */,
				63E986172688BEAA00F76CCD /* DetectionViewController.swift */,
				63E24806267346260098F26A /* CameraViewController.swift */,
				63E24808267346A30098F26A /* CameraController.swift */,
				6386649D2681256A00B63AFD /* LocationController.swift */,
			);
			path = Controller;
			sourceTree = "<group>";
		};
/* End PBXGroup section */

/* Begin PBXNativeTarget section */
		63B86BF7266C067800673B3A /* DriverAssist */ = {
			isa = PBXNativeTarget;
			buildConfigurationList = 63B86C1D266C067800673B3A /* Build configuration list for PBXNativeTarget "DriverAssist" */;
			buildPhases = (
				63B86BF4266C067800673B3A /* Sources */,
				63B86BF5266C067800673B3A /* Frameworks */,
				63B86BF6266C067800673B3A /* Resources */,
			);
			buildRules = (
			);
			dependencies = (
			);
			name = DriverAssist;
			productName = DriverAssist;
			productReference = 63B86BF8266C067800673B3A /* DriverAssist.app */;
			productType = "com.apple.product-type.application";
		};
		63B86C08266C067800673B3A /* DriverAssistTests */ = {
			isa = PBXNativeTarget;
			buildConfigurationList = 63B86C20266C067800673B3A /* Build configuration list for PBXNativeTarget "DriverAssistTests" */;
			buildPhases = (
				63B86C05266C067800673B3A /* Sources */,
				63B86C06266C067800673B3A /* Frameworks */,
				63B86C07266C067800673B3A /* Resources */,
			);
			buildRules = (
			);
			dependencies = (
				63B86C0B266C067800673B3A /* PBXTargetDependency */,
			);
			name = DriverAssistTests;
			productName = DriverAssistTests;
			productReference = 63B86C09266C067800673B3A /* DriverAssistTests.xctest */;
			productType = "com.apple.product-type.bundle.unit-test";
		};
		63B86C13266C067800673B3A /* DriverAssistUITests */ = {
			isa = PBXNativeTarget;
			buildConfigurationList = 63B86C23266C067800673B3A /* Build configuration list for PBXNativeTarget "DriverAssistUITests" */;
			buildPhases = (
				63B86C10266C067800673B3A /* Sources */,
				63B86C11266C067800673B3A /* Frameworks */,
				63B86C12266C067800673B3A /* Resources */,
			);
			buildRules = (
			);
			dependencies = (
				63B86C16266C067800673B3A /* PBXTargetDependency */,
			);
			name = DriverAssistUITests;
			productName = DriverAssistUITests;
			productReference = 63B86C14266C067800673B3A /* DriverAssistUITests.xctest */;
			productType = "com.apple.product-type.bundle.ui-testing";
		};
/* End PBXNativeTarget section */

/* Begin PBXProject section */
		63B86BF0266C067800673B3A /* Project object */ = {
			isa = PBXProject;
			attributes = {
				LastSwiftUpdateCheck = 1250;
				LastUpgradeCheck = 1250;
				TargetAttributes = {
					63B86BF7266C067800673B3A = {
						CreatedOnToolsVersion = 12.5;
						LastSwiftMigration = 1250;
					};
					63B86C08266C067800673B3A = {
						CreatedOnToolsVersion = 12.5;
						TestTargetID = 63B86BF7266C067800673B3A;
					};
					63B86C13266C067800673B3A = {
						CreatedOnToolsVersion = 12.5;
						TestTargetID = 63B86BF7266C067800673B3A;
					};
				};
			};
			buildConfigurationList = 63B86BF3266C067800673B3A /* Build configuration list for PBXProject "DriverAssist" */;
			compatibilityVersion = "Xcode 9.3";
			developmentRegion = en;
			hasScannedForEncodings = 0;
			knownRegions = (
				en,
				Base,
			);
			mainGroup = 63B86BEF266C067800673B3A;
			productRefGroup = 63B86BF9266C067800673B3A /* Products */;
			projectDirPath = "";
			projectRoot = "";
			targets = (
				63B86BF7266C067800673B3A /* DriverAssist */,
				63B86C08266C067800673B3A /* DriverAssistTests */,
				63B86C13266C067800673B3A /* DriverAssistUITests */,
			);
		};
/* End PBXProject section */

/* Begin PBXResourcesBuildPhase section */
		63B86BF6266C067800673B3A /* Resources */ = {
			isa = PBXResourcesBuildPhase;
			buildActionMask = 2147483647;
			files = (
				632DF5E326729F4E0016D849 /* classes.txt in Resources */,
				63B86C03266C067800673B3A /* Preview Assets.xcassets in Resources */,
				63B86C00266C067800673B3A /* Assets.xcassets in Resources */,
			);
			runOnlyForDeploymentPostprocessing = 0;
		};
		63B86C07266C067800673B3A /* Resources */ = {
			isa = PBXResourcesBuildPhase;
			buildActionMask = 2147483647;
			files = (
			);
			runOnlyForDeploymentPostprocessing = 0;
		};
		63B86C12266C067800673B3A /* Resources */ = {
			isa = PBXResourcesBuildPhase;
			buildActionMask = 2147483647;
			files = (
			);
			runOnlyForDeploymentPostprocessing = 0;
		};
/* End PBXResourcesBuildPhase section */

/* Begin PBXSourcesBuildPhase section */
		63B86BF4266C067800673B3A /* Sources */ = {
			isa = PBXSourcesBuildPhase;
			buildActionMask = 2147483647;
			files = (
				6386649C2681235000B63AFD /* DisplayView.swift in Sources */,
				63E986182688BEAA00F76CCD /* DetectionViewController.swift in Sources */,
				63D2A378266CB8550097AE86 /* LibraryView.swift in Sources */,
				63B86BFE266C067800673B3A /* ContentView.swift in Sources */,
				6354B0DB26871E06000662CD /* ObjectDetector.mlmodel in Sources */,
				63E2480E267365FC0098F26A /* PhotoView.swift in Sources */,
				63E24809267346A30098F26A /* CameraController.swift in Sources */,
				63B86BFC266C067800673B3A /* DriverAssistApp.swift in Sources */,
				632E72352672078500C6E81E /* SettingsView.swift in Sources */,
				6354B0DF26872E4C000662CD /* DetectionView.swift in Sources */,
				6386649E2681256A00B63AFD /* LocationController.swift in Sources */,
				63D2A380266CCF7A0097AE86 /* ImagePickerView.swift in Sources */,
				63E24807267346260098F26A /* CameraViewController.swift in Sources */,
			);
			runOnlyForDeploymentPostprocessing = 0;
		};
		63B86C05266C067800673B3A /* Sources */ = {
			isa = PBXSourcesBuildPhase;
			buildActionMask = 2147483647;
			files = (
				63B86C0E266C067800673B3A /* DriverAssistTests.swift in Sources */,
			);
			runOnlyForDeploymentPostprocessing = 0;
		};
		63B86C10266C067800673B3A /* Sources */ = {
			isa = PBXSourcesBuildPhase;
			buildActionMask = 2147483647;
			files = (
				63B86C19266C067800673B3A /* DriverAssistUITests.swift in Sources */,
			);
			runOnlyForDeploymentPostprocessing = 0;
		};
/* End PBXSourcesBuildPhase section */

/* Begin PBXTargetDependency section */
		63B86C0B266C067800673B3A /* PBXTargetDependency */ = {
			isa = PBXTargetDependency;
			target = 63B86BF7266C067800673B3A /* DriverAssist */;
			targetProxy = 63B86C0A266C067800673B3A /* PBXContainerItemProxy */;
		};
		63B86C16266C067800673B3A /* PBXTargetDependency */ = {
			isa = PBXTargetDependency;
			target = 63B86BF7266C067800673B3A /* DriverAssist */;
			targetProxy = 63B86C15266C067800673B3A /* PBXContainerItemProxy */;
		};
/* End PBXTargetDependency section */

/* Begin XCBuildConfiguration section */
		63B86C1B266C067800673B3A /* Debug */ = {
			isa = XCBuildConfiguration;
			buildSettings = {
				ALWAYS_SEARCH_USER_PATHS = NO;
				CLANG_ANALYZER_NONNULL = YES;
				CLANG_ANALYZER_NUMBER_OBJECT_CONVERSION = YES_AGGRESSIVE;
				CLANG_CXX_LANGUAGE_STANDARD = "gnu++14";
				CLANG_CXX_LIBRARY = "libc++";
				CLANG_ENABLE_MODULES = YES;
				CLANG_ENABLE_OBJC_ARC = YES;
				CLANG_ENABLE_OBJC_WEAK = YES;
				CLANG_WARN_BLOCK_CAPTURE_AUTORELEASING = YES;
				CLANG_WARN_BOOL_CONVERSION = YES;
				CLANG_WARN_COMMA = YES;
				CLANG_WARN_CONSTANT_CONVERSION = YES;
				CLANG_WARN_DEPRECATED_OBJC_IMPLEMENTATIONS = YES;
				CLANG_WARN_DIRECT_OBJC_ISA_USAGE = YES_ERROR;
				CLANG_WARN_DOCUMENTATION_COMMENTS = YES;
				CLANG_WARN_EMPTY_BODY = YES;
				CLANG_WARN_ENUM_CONVERSION = YES;
				CLANG_WARN_INFINITE_RECURSION = YES;
				CLANG_WARN_INT_CONVERSION = YES;
				CLANG_WARN_NON_LITERAL_NULL_CONVERSION = YES;
				CLANG_WARN_OBJC_IMPLICIT_RETAIN_SELF = YES;
				CLANG_WARN_OBJC_LITERAL_CONVERSION = YES;
				CLANG_WARN_OBJC_ROOT_CLASS = YES_ERROR;
				CLANG_WARN_QUOTED_INCLUDE_IN_FRAMEWORK_HEADER = YES;
				CLANG_WARN_RANGE_LOOP_ANALYSIS = YES;
				CLANG_WARN_STRICT_PROTOTYPES = YES;
				CLANG_WARN_SUSPICIOUS_MOVE = YES;
				CLANG_WARN_UNGUARDED_AVAILABILITY = YES_AGGRESSIVE;
				CLANG_WARN_UNREACHABLE_CODE = YES;
				CLANG_WARN__DUPLICATE_METHOD_MATCH = YES;
				COPY_PHASE_STRIP = NO;
				DEBUG_INFORMATION_FORMAT = dwarf;
				ENABLE_STRICT_OBJC_MSGSEND = YES;
				ENABLE_TESTABILITY = YES;
				GCC_C_LANGUAGE_STANDARD = gnu11;
				GCC_DYNAMIC_NO_PIC = NO;
				GCC_NO_COMMON_BLOCKS = YES;
				GCC_OPTIMIZATION_LEVEL = 0;
				GCC_PREPROCESSOR_DEFINITIONS = (
					"DEBUG=1",
					"$(inherited)",
				);
				GCC_WARN_64_TO_32_BIT_CONVERSION = YES;
				GCC_WARN_ABOUT_RETURN_TYPE = YES_ERROR;
				GCC_WARN_UNDECLARED_SELECTOR = YES;
				GCC_WARN_UNINITIALIZED_AUTOS = YES_AGGRESSIVE;
				GCC_WARN_UNUSED_FUNCTION = YES;
				GCC_WARN_UNUSED_VARIABLE = YES;
				IPHONEOS_DEPLOYMENT_TARGET = 14.5;
				MTL_ENABLE_DEBUG_INFO = INCLUDE_SOURCE;
				MTL_FAST_MATH = YES;
				ONLY_ACTIVE_ARCH = YES;
				SDKROOT = iphoneos;
				SWIFT_ACTIVE_COMPILATION_CONDITIONS = DEBUG;
				SWIFT_OPTIMIZATION_LEVEL = "-Onone";
			};
			name = Debug;
		};
		63B86C1C266C067800673B3A /* Release */ = {
			isa = XCBuildConfiguration;
			buildSettings = {
				ALWAYS_SEARCH_USER_PATHS = NO;
				CLANG_ANALYZER_NONNULL = YES;
				CLANG_ANALYZER_NUMBER_OBJECT_CONVERSION = YES_AGGRESSIVE;
				CLANG_CXX_LANGUAGE_STANDARD = "gnu++14";
				CLANG_CXX_LIBRARY = "libc++";
				CLANG_ENABLE_MODULES = YES;
				CLANG_ENABLE_OBJC_ARC = YES;
				CLANG_ENABLE_OBJC_WEAK = YES;
				CLANG_WARN_BLOCK_CAPTURE_AUTORELEASING = YES;
				CLANG_WARN_BOOL_CONVERSION = YES;
				CLANG_WARN_COMMA = YES;
				CLANG_WARN_CONSTANT_CONVERSION = YES;
				CLANG_WARN_DEPRECATED_OBJC_IMPLEMENTATIONS = YES;
				CLANG_WARN_DIRECT_OBJC_ISA_USAGE = YES_ERROR;
				CLANG_WARN_DOCUMENTATION_COMMENTS = YES;
				CLANG_WARN_EMPTY_BODY = YES;
				CLANG_WARN_ENUM_CONVERSION = YES;
				CLANG_WARN_INFINITE_RECURSION = YES;
				CLANG_WARN_INT_CONVERSION = YES;
				CLANG_WARN_NON_LITERAL_NULL_CONVERSION = YES;
				CLANG_WARN_OBJC_IMPLICIT_RETAIN_SELF = YES;
				CLANG_WARN_OBJC_LITERAL_CONVERSION = YES;
				CLANG_WARN_OBJC_ROOT_CLASS = YES_ERROR;
				CLANG_WARN_QUOTED_INCLUDE_IN_FRAMEWORK_HEADER = YES;
				CLANG_WARN_RANGE_LOOP_ANALYSIS = YES;
				CLANG_WARN_STRICT_PROTOTYPES = YES;
				CLANG_WARN_SUSPICIOUS_MOVE = YES;
				CLANG_WARN_UNGUARDED_AVAILABILITY = YES_AGGRESSIVE;
				CLANG_WARN_UNREACHABLE_CODE = YES;
				CLANG_WARN__DUPLICATE_METHOD_MATCH = YES;
				COPY_PHASE_STRIP = NO;
				DEBUG_INFORMATION_FORMAT = "dwarf-with-dsym";
				ENABLE_NS_ASSERTIONS = NO;
				ENABLE_STRICT_OBJC_MSGSEND = YES;
				GCC_C_LANGUAGE_STANDARD = gnu11;
				GCC_NO_COMMON_BLOCKS = YES;
				GCC_WARN_64_TO_32_BIT_CONVERSION = YES;
				GCC_WARN_ABOUT_RETURN_TYPE = YES_ERROR;
				GCC_WARN_UNDECLARED_SELECTOR = YES;
				GCC_WARN_UNINITIALIZED_AUTOS = YES_AGGRESSIVE;
				GCC_WARN_UNUSED_FUNCTION = YES;
				GCC_WARN_UNUSED_VARIABLE = YES;
				IPHONEOS_DEPLOYMENT_TARGET = 14.5;
				MTL_ENABLE_DEBUG_INFO = NO;
				MTL_FAST_MATH = YES;
				SDKROOT = iphoneos;
				SWIFT_COMPILATION_MODE = wholemodule;
				SWIFT_OPTIMIZATION_LEVEL = "-O";
				VALIDATE_PRODUCT = YES;
			};
			name = Release;
		};
		63B86C1E266C067800673B3A /* Debug */ = {
			isa = XCBuildConfiguration;
			buildSettings = {
				ASSETCATALOG_COMPILER_APPICON_NAME = AppIcon;
				ASSETCATALOG_COMPILER_GLOBAL_ACCENT_COLOR_NAME = AccentColor;
				CLANG_ENABLE_MODULES = YES;
				CODE_SIGN_STYLE = Automatic;
				DEVELOPMENT_ASSET_PATHS = "\"DriverAssist/Preview Content\"";
				DEVELOPMENT_TEAM = 8N9383UWC5;
				ENABLE_PREVIEWS = YES;
				INFOPLIST_FILE = DriverAssist/Info.plist;
				IPHONEOS_DEPLOYMENT_TARGET = 14.0;
				LD_RUNPATH_SEARCH_PATHS = (
					"$(inherited)",
					"@executable_path/Frameworks",
				);
				PRODUCT_BUNDLE_IDENTIFIER = dk.DriverAssist;
				PRODUCT_NAME = "$(TARGET_NAME)";
				SWIFT_OPTIMIZATION_LEVEL = "-Onone";
				SWIFT_VERSION = 5.0;
				TARGETED_DEVICE_FAMILY = "1,2";
			};
			name = Debug;
		};
		63B86C1F266C067800673B3A /* Release */ = {
			isa = XCBuildConfiguration;
			buildSettings = {
				ASSETCATALOG_COMPILER_APPICON_NAME = AppIcon;
				ASSETCATALOG_COMPILER_GLOBAL_ACCENT_COLOR_NAME = AccentColor;
				CLANG_ENABLE_MODULES = YES;
				CODE_SIGN_STYLE = Automatic;
				DEVELOPMENT_ASSET_PATHS = "\"DriverAssist/Preview Content\"";
				DEVELOPMENT_TEAM = 8N9383UWC5;
				ENABLE_PREVIEWS = YES;
				INFOPLIST_FILE = DriverAssist/Info.plist;
				IPHONEOS_DEPLOYMENT_TARGET = 14.0;
				LD_RUNPATH_SEARCH_PATHS = (
					"$(inherited)",
					"@executable_path/Frameworks",
				);
				PRODUCT_BUNDLE_IDENTIFIER = dk.DriverAssist;
				PRODUCT_NAME = "$(TARGET_NAME)";
				SWIFT_VERSION = 5.0;
				TARGETED_DEVICE_FAMILY = "1,2";
			};
			name = Release;
		};
		63B86C21266C067800673B3A /* Debug */ = {
			isa = XCBuildConfiguration;
			buildSettings = {
				ALWAYS_EMBED_SWIFT_STANDARD_LIBRARIES = YES;
				BUNDLE_LOADER = "$(TEST_HOST)";
				CODE_SIGN_STYLE = Automatic;
				DEVELOPMENT_TEAM = 8N9383UWC5;
				INFOPLIST_FILE = DriverAssistTests/Info.plist;
				IPHONEOS_DEPLOYMENT_TARGET = 14.0;
				LD_RUNPATH_SEARCH_PATHS = (
					"$(inherited)",
					"@executable_path/Frameworks",
					"@loader_path/Frameworks",
				);
				PRODUCT_BUNDLE_IDENTIFIER = dk.DriverAssistTests;
				PRODUCT_NAME = "$(TARGET_NAME)";
				SWIFT_VERSION = 5.0;
				TARGETED_DEVICE_FAMILY = "1,2";
				TEST_HOST = "$(BUILT_PRODUCTS_DIR)/DriverAssist.app/DriverAssist";
			};
			name = Debug;
		};
		63B86C22266C067800673B3A /* Release */ = {
			isa = XCBuildConfiguration;
			buildSettings = {
				ALWAYS_EMBED_SWIFT_STANDARD_LIBRARIES = YES;
				BUNDLE_LOADER = "$(TEST_HOST)";
				CODE_SIGN_STYLE = Automatic;
				DEVELOPMENT_TEAM = 8N9383UWC5;
				INFOPLIST_FILE = DriverAssistTests/Info.plist;
				IPHONEOS_DEPLOYMENT_TARGET = 14.0;
				LD_RUNPATH_SEARCH_PATHS = (
					"$(inherited)",
					"@executable_path/Frameworks",
					"@loader_path/Frameworks",
				);
				PRODUCT_BUNDLE_IDENTIFIER = dk.DriverAssistTests;
				PRODUCT_NAME = "$(TARGET_NAME)";
				SWIFT_VERSION = 5.0;
				TARGETED_DEVICE_FAMILY = "1,2";
				TEST_HOST = "$(BUILT_PRODUCTS_DIR)/DriverAssist.app/DriverAssist";
			};
			name = Release;
		};
		63B86C24266C067800673B3A /* Debug */ = {
			isa = XCBuildConfiguration;
			buildSettings = {
				ALWAYS_EMBED_SWIFT_STANDARD_LIBRARIES = YES;
				CODE_SIGN_STYLE = Automatic;
				DEVELOPMENT_TEAM = 8N9383UWC5;
				INFOPLIST_FILE = DriverAssistUITests/Info.plist;
				LD_RUNPATH_SEARCH_PATHS = (
					"$(inherited)",
					"@executable_path/Frameworks",
					"@loader_path/Frameworks",
				);
				PRODUCT_BUNDLE_IDENTIFIER = dk.DriverAssistUITests;
				PRODUCT_NAME = "$(TARGET_NAME)";
				SWIFT_VERSION = 5.0;
				TARGETED_DEVICE_FAMILY = "1,2";
				TEST_TARGET_NAME = DriverAssist;
			};
			name = Debug;
		};
		63B86C25266C067800673B3A /* Release */ = {
			isa = XCBuildConfiguration;
			buildSettings = {
				ALWAYS_EMBED_SWIFT_STANDARD_LIBRARIES = YES;
				CODE_SIGN_STYLE = Automatic;
				DEVELOPMENT_TEAM = 8N9383UWC5;
				INFOPLIST_FILE = DriverAssistUITests/Info.plist;
				LD_RUNPATH_SEARCH_PATHS = (
					"$(inherited)",
					"@executable_path/Frameworks",
					"@loader_path/Frameworks",
				);
				PRODUCT_BUNDLE_IDENTIFIER = dk.DriverAssistUITests;
				PRODUCT_NAME = "$(TARGET_NAME)";
				SWIFT_VERSION = 5.0;
				TARGETED_DEVICE_FAMILY = "1,2";
				TEST_TARGET_NAME = DriverAssist;
			};
			name = Release;
		};
/* End XCBuildConfiguration section */

/* Begin XCConfigurationList section */
		63B86BF3266C067800673B3A /* Build configuration list for PBXProject "DriverAssist" */ = {
			isa = XCConfigurationList;
			buildConfigurations = (
				63B86C1B266C067800673B3A /* Debug */,
				63B86C1C266C067800673B3A /* Release */,
			);
			defaultConfigurationIsVisible = 0;
			defaultConfigurationName = Release;
		};
		63B86C1D266C067800673B3A /* Build configuration list for PBXNativeTarget "DriverAssist" */ = {
			isa = XCConfigurationList;
			buildConfigurations = (
				63B86C1E266C067800673B3A /* Debug */,
				63B86C1F266C067800673B3A /* Release */,
			);
			defaultConfigurationIsVisible = 0;
			defaultConfigurationName = Release;
		};
		63B86C20266C067800673B3A /* Build configuration list for PBXNativeTarget "DriverAssistTests" */ = {
			isa = XCConfigurationList;
			buildConfigurations = (
				63B86C21266C067800673B3A /* Debug */,
				63B86C22266C067800673B3A /* Release */,
			);
			defaultConfigurationIsVisible = 0;
			defaultConfigurationName = Release;
		};
		63B86C23266C067800673B3A /* Build configuration list for PBXNativeTarget "DriverAssistUITests" */ = {
			isa = XCConfigurationList;
			buildConfigurations = (
				63B86C24266C067800673B3A /* Debug */,
				63B86C25266C067800673B3A /* Release */,
			);
			defaultConfigurationIsVisible = 0;
			defaultConfigurationName = Release;
		};
/* End XCConfigurationList section */
	};
	rootObject = 63B86BF0266C067800673B3A /* Project object */;
}
